# This file is automatically @generated by Poetry 1.8.2 and should not be changed by hand.

[[package]]
name = "pdfkit"
version = "1.0.0"
description = "Wkhtmltopdf python wrapper to convert html to pdf using the webkit rendering engine and qt"
optional = false
python-versions = "*"
files = [
    {file = "pdfkit-1.0.0-py2-none-any.whl", hash = "sha256:cc122e5aed594198ff7aaa566f2950d2163763576ab891c161bb1f6c630f5a8e"},
    {file = "pdfkit-1.0.0-py3-none-any.whl", hash = "sha256:a7a4ca0d978e44fa8310c4909f087052430a6e8e0b1dd7ceef657f139789f96f"},
    {file = "pdfkit-1.0.0.tar.gz", hash = "sha256:992f821e1e18fc8a0e701ecae24b51a2d598296a180caee0a24c0af181da02a9"},
]

[[package]]
name = "pypdf"
version = "6.0.0"
description = "A pure-python PDF library capable of splitting, merging, cropping, and transforming PDF files"
optional = false
python-versions = ">=3.9"
files = [
    {file = "pypdf-6.0.0-py3-none-any.whl", hash = "sha256:56ea60100ce9f11fc3eec4f359da15e9aec3821b036c1f06d2b660d35683abb8"},
    {file = "pypdf-6.0.0.tar.gz", hash = "sha256:282a99d2cc94a84a3a3159f0d9358c0af53f85b4d28d76ea38b96e9e5ac2a08d"},
]

[package.extras]
crypto = ["cryptography"]
cryptodome = ["PyCryptodome"]
dev = ["black", "flit", "pip-tools", "pre-commit", "pytest-cov", "pytest-socket", "pytest-timeout", "pytest-xdist", "wheel"]
docs = ["myst_parser", "sphinx", "sphinx_rtd_theme"]
full = ["Pillow (>=8.0.0)", "cryptography"]
image = ["Pillow (>=8.0.0)"]

[metadata]
lock-version = "2.0"
python-versions = "^3.12"
content-hash = "66da45f3a723042125abba2a1a73c391b12ccd77489c2e68f0e73594378a8faf"
