# This file is automatically @generated by Poetry 1.8.2 and should not be changed by hand.

[[package]]
name = "pdfkit"
version = "1.0.0"
description = "Wkhtmltopdf python wrapper to convert html to pdf using the webkit rendering engine and qt"
optional = false
python-versions = "*"
files = [
    {file = "pdfkit-1.0.0-py2-none-any.whl", hash = "sha256:cc122e5aed594198ff7aaa566f2950d2163763576ab891c161bb1f6c630f5a8e"},
    {file = "pdfkit-1.0.0-py3-none-any.whl", hash = "sha256:a7a4ca0d978e44fa8310c4909f087052430a6e8e0b1dd7ceef657f139789f96f"},
    {file = "pdfkit-1.0.0.tar.gz", hash = "sha256:992f821e1e18fc8a0e701ecae24b51a2d598296a180caee0a24c0af181da02a9"},
]

[metadata]
lock-version = "2.0"
python-versions = "^3.12"
content-hash = "dde100ba9e2ea87f0dccc5cddaeada5c6c57b4fe3d15da3fec14193fceb7c702"
